<?xml version="1.0" encoding="UTF-8" standalone="yes" ?>
<CodeBlocks_project_file>
	<FileVersion major="1" minor="6" />
	<Project>
		<Option title="Armor_Comparison" />
		<Option pch_mode="2" />
		<Option compiler="gcc" />
		<Build>
			<Target title="Debug">
				<Option output="bin/Debug/Armor_Comparison" prefix_auto="1" extension_auto="1" />
				<Option object_output="obj/Debug/" />
				<Option type="1" />
				<Option compiler="gcc" />
				<Compiler>
					<Add option="-g" />
				</Compiler>
			</Target>
			<Target title="Release">
				<Option output="bin/Release/Armor_Comparison" prefix_auto="1" extension_auto="1" />
				<Option object_output="obj/Release/" />
				<Option type="1" />
				<Option compiler="gcc" />
				<Compiler>
					<Add option="-O2" />
				</Compiler>
				<Linker>
					<Add option="-s" />
				</Linker>
			</Target>
		</Build>
		<Compiler>
			<Add option="-Wall" />
			<Add option="-fexceptions" />
		</Compiler>
		<Unit filename="Armour.cpp" />
		<Unit filename="Armour.h" />
		<Unit filename="Arms.cpp" />
		<Unit filename="Arms.h" />
		<Unit filename="ArmsArray.cpp" />
		<Unit filename="ArmsArray.h" />
		<Unit filename="ArrayPrinter.cpp" />
		<Unit filename="Chest.cpp" />
		<Unit filename="Chest.h" />
		<Unit filename="ChestArray.cpp" />
		<Unit filename="ChestArray.h" />
		<Unit filename="DataArray.cpp" />
		<Unit filename="DataArray.h" />
		<Unit filename="GenID.cpp" />
		<Unit filename="GenID.h" />
		<Unit filename="Head.cpp" />
		<Unit filename="Head.h" />
		<Unit filename="HeadArray.cpp" />
		<Unit filename="HeadArray.h" />
		<Unit filename="Legs.cpp" />
		<Unit filename="Legs.h" />
		<Unit filename="LegsArray.cpp" />
		<Unit filename="LegsArray.h" />
		<Unit filename="PureArmour.h" />
		<Unit filename="main.cpp" />
		<Extensions>
			<code_completion />
			<envvars />
			<debugger />
			<lib_finder disable_auto="1" />
		</Extensions>
	</Project>
</CodeBlocks_project_file>
