<?xml version="1.0" encoding="UTF-8" standalone="yes" ?>
<CodeBlocks_project_file>
	<FileVersion major="1" minor="6" />
	<Project>
		<Option title="Armor_Comparison" />
		<Option pch_mode="2" />
		<Option compiler="gcc" />
		<Build>
			<Target title="Debug">
				<Option output="bin/Debug/Armor_Comparison" prefix_auto="1" extension_auto="1" />
				<Option object_output="obj/Debug/" />
				<Option type="1" />
				<Option compiler="gcc" />
				<Compiler>
					<Add option="-g" />
					<Add directory="../GitHub_Project1" />
					<Add directory="Arrays" />
					<Add directory="Pieces" />
					<Add directory="genID" />
					<Add directory="Enum" />
				</Compiler>
			</Target>
			<Target title="Release">
				<Option output="bin/Release/Armor_Comparison" prefix_auto="1" extension_auto="1" />
				<Option object_output="obj/Release/" />
				<Option type="1" />
				<Option compiler="gcc" />
				<Compiler>
					<Add option="-O2" />
				</Compiler>
				<Linker>
					<Add option="-s" />
				</Linker>
			</Target>
		</Build>
		<Compiler>
			<Add option="-Wall" />
			<Add option="-fexceptions" />
		</Compiler>
		<Unit filename="Arrays/ArrayReader.cpp" />
		<Unit filename="Arrays/ArrayReader.h" />
		<Unit filename="Arrays/DataArray.cpp" />
		<Unit filename="Arrays/DataArray.h" />
		<Unit filename="Arrays/PieceArray.cpp" />
		<Unit filename="Arrays/PieceArray.h" />
		<Unit filename="Enum/EPiece.h" />
		<Unit filename="Enum/EnumConverter.cpp" />
		<Unit filename="Enum/EnumConverter.h" />
		<Unit filename="Pieces/Armour.cpp" />
		<Unit filename="Pieces/Armour.h" />
		<Unit filename="Pieces/Piece.cpp" />
		<Unit filename="Pieces/Piece.h" />
		<Unit filename="Pieces/PureArmour.h" />
		<Unit filename="genID/GenID.cpp" />
		<Unit filename="genID/GenID.h" />
		<Unit filename="main.cpp" />
		<Extensions>
			<code_completion />
			<envvars />
			<debugger />
			<lib_finder disable_auto="1" />
		</Extensions>
	</Project>
</CodeBlocks_project_file>
